// !$*UTF8*$!
{
	archiveVersion = 1;
	classes = {
	};
	objectVersion = 55;
	objects = {

/* Begin PBXBuildFile section */
		323A73E227240F4B00509FA5 /* AppDelegate.swift in Sources */ = {isa = PBXBuildFile; fileRef = 323A73E127240F4B00509FA5 /* AppDelegate.swift */; };
		323A73E627240F4B00509FA5 /* ViewController.swift in Sources */ = {isa = PBXBuildFile; fileRef = 323A73E527240F4B00509FA5 /* ViewController.swift */; };
		323A73E927240F4B00509FA5 /* Main.storyboard in Resources */ = {isa = PBXBuildFile; fileRef = 323A73E727240F4B00509FA5 /* Main.storyboard */; };
		323A73EB27240F4C00509FA5 /* Assets.xcassets in Resources */ = {isa = PBXBuildFile; fileRef = 323A73EA27240F4C00509FA5 /* Assets.xcassets */; };
		323A73EE27240F4C00509FA5 /* LaunchScreen.storyboard in Resources */ = {isa = PBXBuildFile; fileRef = 323A73EC27240F4C00509FA5 /* LaunchScreen.storyboard */; };
		323A73F62724154800509FA5 /* RectangleDetector.swift in Sources */ = {isa = PBXBuildFile; fileRef = 323A73F52724154800509FA5 /* RectangleDetector.swift */; };
		323A73F82724566700509FA5 /* Utilities.swift in Sources */ = {isa = PBXBuildFile; fileRef = 323A73F72724566600509FA5 /* Utilities.swift */; };
		323A73FE27245A8C00509FA5 /* VisualizationNode.swift in Sources */ = {isa = PBXBuildFile; fileRef = 323A73FD27245A8C00509FA5 /* VisualizationNode.swift */; };
		323A74012725541600509FA5 /* EditedImage.swift in Sources */ = {isa = PBXBuildFile; fileRef = 323A74002725541600509FA5 /* EditedImage.swift */; };
		3289F9A12736F86A0083D4F4 /* SolveViewController.swift in Sources */ = {isa = PBXBuildFile; fileRef = 3289F9A02736F86A0083D4F4 /* SolveViewController.swift */; };
		329DFC64275387FD00E7958B /* sodoku-icones-finalx1024.png in Resources */ = {isa = PBXBuildFile; fileRef = 329DFC63275387FD00E7958B /* sodoku-icones-finalx1024.png */; };
		32A5014D2735691200EC25DB /* VisionDetailsCollectionViewController.swift in Sources */ = {isa = PBXBuildFile; fileRef = 32A5014C2735691200EC25DB /* VisionDetailsCollectionViewController.swift */; };
		32B9D1EC275CE0EF00C2B6BB /* SceneDelegate.swift in Sources */ = {isa = PBXBuildFile; fileRef = 32B9D1EB275CE0EF00C2B6BB /* SceneDelegate.swift */; };
		32C0F7852737CFC10095256B /* SolveClasses.swift in Sources */ = {isa = PBXBuildFile; fileRef = 32C0F7842737CFC10095256B /* SolveClasses.swift */; };
/* End PBXBuildFile section */

/* Begin PBXFileReference section */
		323A73DE27240F4B00509FA5 /* VisionSudoku.app */ = {isa = PBXFileReference; explicitFileType = wrapper.application; includeInIndex = 0; path = VisionSudoku.app; sourceTree = BUILT_PRODUCTS_DIR; };
		323A73E127240F4B00509FA5 /* AppDelegate.swift */ = {isa = PBXFileReference; lastKnownFileType = sourcecode.swift; path = AppDelegate.swift; sourceTree = "<group>"; };
		323A73E527240F4B00509FA5 /* ViewController.swift */ = {isa = PBXFileReference; lastKnownFileType = sourcecode.swift; path = ViewController.swift; sourceTree = "<group>"; };
		323A73E827240F4B00509FA5 /* Base */ = {isa = PBXFileReference; lastKnownFileType = file.storyboard; name = Base; path = Base.lproj/Main.storyboard; sourceTree = "<group>"; };
		323A73EA27240F4C00509FA5 /* Assets.xcassets */ = {isa = PBXFileReference; lastKnownFileType = folder.assetcatalog; path = Assets.xcassets; sourceTree = "<group>"; };
		323A73ED27240F4C00509FA5 /* Base */ = {isa = PBXFileReference; lastKnownFileType = file.storyboard; name = Base; path = Base.lproj/LaunchScreen.storyboard; sourceTree = "<group>"; };
		323A73EF27240F4C00509FA5 /* Info.plist */ = {isa = PBXFileReference; lastKnownFileType = text.plist.xml; path = Info.plist; sourceTree = "<group>"; };
		323A73F52724154800509FA5 /* RectangleDetector.swift */ = {isa = PBXFileReference; fileEncoding = 4; lastKnownFileType = sourcecode.swift; path = RectangleDetector.swift; sourceTree = "<group>"; };
		323A73F72724566600509FA5 /* Utilities.swift */ = {isa = PBXFileReference; fileEncoding = 4; lastKnownFileType = sourcecode.swift; path = Utilities.swift; sourceTree = "<group>"; };
		323A73FD27245A8C00509FA5 /* VisualizationNode.swift */ = {isa = PBXFileReference; fileEncoding = 4; lastKnownFileType = sourcecode.swift; path = VisualizationNode.swift; sourceTree = "<group>"; };
		323A74002725541600509FA5 /* EditedImage.swift */ = {isa = PBXFileReference; lastKnownFileType = sourcecode.swift; name = EditedImage.swift; path = VisionSudoku/EditedImage.swift; sourceTree = SOURCE_ROOT; };
		3289F9A02736F86A0083D4F4 /* SolveViewController.swift */ = {isa = PBXFileReference; lastKnownFileType = sourcecode.swift; path = SolveViewController.swift; sourceTree = "<group>"; };
		329DFC63275387FD00E7958B /* sodoku-icones-finalx1024.png */ = {isa = PBXFileReference; lastKnownFileType = image.png; path = "sodoku-icones-finalx1024.png"; sourceTree = "<group>"; };
		32A5014C2735691200EC25DB /* VisionDetailsCollectionViewController.swift */ = {isa = PBXFileReference; lastKnownFileType = sourcecode.swift; path = VisionDetailsCollectionViewController.swift; sourceTree = "<group>"; };
		32B9D1EB275CE0EF00C2B6BB /* SceneDelegate.swift */ = {isa = PBXFileReference; fileEncoding = 4; lastKnownFileType = sourcecode.swift; path = SceneDelegate.swift; sourceTree = "<group>"; };
		32C0F7842737CFC10095256B /* SolveClasses.swift */ = {isa = PBXFileReference; lastKnownFileType = sourcecode.swift; path = SolveClasses.swift; sourceTree = "<group>"; };
/* End PBXFileReference section */

/* Begin PBXFrameworksBuildPhase section */
		323A73DB27240F4A00509FA5 /* Frameworks */ = {
			isa = PBXFrameworksBuildPhase;
			buildActionMask = 2147483647;
			files = (
			);
			runOnlyForDeploymentPostprocessing = 0;
		};
/* End PBXFrameworksBuildPhase section */

/* Begin PBXGroup section */
		323A73D527240F4A00509FA5 = {
			isa = PBXGroup;
			children = (
				323A73E027240F4B00509FA5 /* VisionSudoku */,
				323A73DF27240F4B00509FA5 /* Products */,
			);
			sourceTree = "<group>";
		};
		323A73DF27240F4B00509FA5 /* Products */ = {
			isa = PBXGroup;
			children = (
				323A73DE27240F4B00509FA5 /* VisionSudoku.app */,
			);
			name = Products;
			sourceTree = "<group>";
		};
		323A73E027240F4B00509FA5 /* VisionSudoku */ = {
			isa = PBXGroup;
			children = (
				32B9D1EE275CE27100C2B6BB /* Storyboards */,
				32B9D1ED275CE22F00C2B6BB /* Delegates */,
				329DFC62275387E800E7958B /* Images */,
				3289F99F2736EE830083D4F4 /* Solve VC */,
				32A501492735683F00EC25DB /* Vision details VC */,
				323A74002725541600509FA5 /* EditedImage.swift */,
				323A73E527240F4B00509FA5 /* ViewController.swift */,
				323A73F52724154800509FA5 /* RectangleDetector.swift */,
				323A73F72724566600509FA5 /* Utilities.swift */,
				323A73FD27245A8C00509FA5 /* VisualizationNode.swift */,
				323A73EA27240F4C00509FA5 /* Assets.xcassets */,
				323A73EF27240F4C00509FA5 /* Info.plist */,
			);
			path = VisionSudoku;
			sourceTree = "<group>";
		};
		3289F99F2736EE830083D4F4 /* Solve VC */ = {
			isa = PBXGroup;
			children = (
				3289F9A02736F86A0083D4F4 /* SolveViewController.swift */,
				32C0F7842737CFC10095256B /* SolveClasses.swift */,
			);
			path = "Solve VC";
			sourceTree = "<group>";
		};
		329DFC62275387E800E7958B /* Images */ = {
			isa = PBXGroup;
			children = (
				329DFC63275387FD00E7958B /* sodoku-icones-finalx1024.png */,
			);
			path = Images;
			sourceTree = "<group>";
		};
		32A501492735683F00EC25DB /* Vision details VC */ = {
			isa = PBXGroup;
			children = (
				32A5014C2735691200EC25DB /* VisionDetailsCollectionViewController.swift */,
			);
			path = "Vision details VC";
			sourceTree = "<group>";
		};
		32B9D1ED275CE22F00C2B6BB /* Delegates */ = {
			isa = PBXGroup;
			children = (
				32B9D1EB275CE0EF00C2B6BB /* SceneDelegate.swift */,
				323A73E127240F4B00509FA5 /* AppDelegate.swift */,
			);
			path = Delegates;
			sourceTree = "<group>";
		};
		32B9D1EE275CE27100C2B6BB /* Storyboards */ = {
			isa = PBXGroup;
			children = (
				323A73E727240F4B00509FA5 /* Main.storyboard */,
				323A73EC27240F4C00509FA5 /* LaunchScreen.storyboard */,
			);
			path = Storyboards;
			sourceTree = "<group>";
		};
/* End PBXGroup section */

/* Begin PBXNativeTarget section */
		323A73DD27240F4A00509FA5 /* VisionSudoku */ = {
			isa = PBXNativeTarget;
			buildConfigurationList = 323A73F227240F4C00509FA5 /* Build configuration list for PBXNativeTarget "VisionSudoku" */;
			buildPhases = (
				323A73DA27240F4A00509FA5 /* Sources */,
				323A73DB27240F4A00509FA5 /* Frameworks */,
				323A73DC27240F4A00509FA5 /* Resources */,
			);
			buildRules = (
			);
			dependencies = (
			);
			name = VisionSudoku;
			productName = VisionSudoku;
			productReference = 323A73DE27240F4B00509FA5 /* VisionSudoku.app */;
			productType = "com.apple.product-type.application";
		};
/* End PBXNativeTarget section */

/* Begin PBXProject section */
		323A73D627240F4A00509FA5 /* Project object */ = {
			isa = PBXProject;
			attributes = {
				BuildIndependentTargetsInParallel = 1;
				LastSwiftUpdateCheck = 1300;
				LastUpgradeCheck = 1300;
				TargetAttributes = {
					323A73DD27240F4A00509FA5 = {
						CreatedOnToolsVersion = 13.0;
					};
				};
			};
			buildConfigurationList = 323A73D927240F4A00509FA5 /* Build configuration list for PBXProject "VisionSudoku" */;
			compatibilityVersion = "Xcode 13.0";
			developmentRegion = en;
			hasScannedForEncodings = 0;
			knownRegions = (
				en,
				Base,
			);
			mainGroup = 323A73D527240F4A00509FA5;
			productRefGroup = 323A73DF27240F4B00509FA5 /* Products */;
			projectDirPath = "";
			projectRoot = "";
			targets = (
				323A73DD27240F4A00509FA5 /* VisionSudoku */,
			);
		};
/* End PBXProject section */

/* Begin PBXResourcesBuildPhase section */
		323A73DC27240F4A00509FA5 /* Resources */ = {
			isa = PBXResourcesBuildPhase;
			buildActionMask = 2147483647;
			files = (
				329DFC64275387FD00E7958B /* sodoku-icones-finalx1024.png in Resources */,
				323A73EE27240F4C00509FA5 /* LaunchScreen.storyboard in Resources */,
				323A73EB27240F4C00509FA5 /* Assets.xcassets in Resources */,
				323A73E927240F4B00509FA5 /* Main.storyboard in Resources */,
			);
			runOnlyForDeploymentPostprocessing = 0;
		};
/* End PBXResourcesBuildPhase section */

/* Begin PBXSourcesBuildPhase section */
		323A73DA27240F4A00509FA5 /* Sources */ = {
			isa = PBXSourcesBuildPhase;
			buildActionMask = 2147483647;
			files = (
				323A73E627240F4B00509FA5 /* ViewController.swift in Sources */,
				323A73FE27245A8C00509FA5 /* VisualizationNode.swift in Sources */,
				323A73F62724154800509FA5 /* RectangleDetector.swift in Sources */,
				323A73E227240F4B00509FA5 /* AppDelegate.swift in Sources */,
				32A5014D2735691200EC25DB /* VisionDetailsCollectionViewController.swift in Sources */,
				32B9D1EC275CE0EF00C2B6BB /* SceneDelegate.swift in Sources */,
				3289F9A12736F86A0083D4F4 /* SolveViewController.swift in Sources */,
				323A73F82724566700509FA5 /* Utilities.swift in Sources */,
				323A74012725541600509FA5 /* EditedImage.swift in Sources */,
				32C0F7852737CFC10095256B /* SolveClasses.swift in Sources */,
			);
			runOnlyForDeploymentPostprocessing = 0;
		};
/* End PBXSourcesBuildPhase section */

/* Begin PBXVariantGroup section */
		323A73E727240F4B00509FA5 /* Main.storyboard */ = {
			isa = PBXVariantGroup;
			children = (
				323A73E827240F4B00509FA5 /* Base */,
			);
			name = Main.storyboard;
			sourceTree = "<group>";
		};
		323A73EC27240F4C00509FA5 /* LaunchScreen.storyboard */ = {
			isa = PBXVariantGroup;
			children = (
				323A73ED27240F4C00509FA5 /* Base */,
			);
			name = LaunchScreen.storyboard;
			sourceTree = "<group>";
		};
/* End PBXVariantGroup section */

/* Begin XCBuildConfiguration section */
		323A73F027240F4C00509FA5 /* Debug */ = {
			isa = XCBuildConfiguration;
			buildSettings = {
				ALWAYS_SEARCH_USER_PATHS = NO;
				CLANG_ANALYZER_NONNULL = YES;
				CLANG_ANALYZER_NUMBER_OBJECT_CONVERSION = YES_AGGRESSIVE;
				CLANG_CXX_LANGUAGE_STANDARD = "gnu++17";
				CLANG_CXX_LIBRARY = "libc++";
				CLANG_ENABLE_MODULES = YES;
				CLANG_ENABLE_OBJC_ARC = YES;
				CLANG_ENABLE_OBJC_WEAK = YES;
				CLANG_WARN_BLOCK_CAPTURE_AUTORELEASING = YES;
				CLANG_WARN_BOOL_CONVERSION = YES;
				CLANG_WARN_COMMA = YES;
				CLANG_WARN_CONSTANT_CONVERSION = YES;
				CLANG_WARN_DEPRECATED_OBJC_IMPLEMENTATIONS = YES;
				CLANG_WARN_DIRECT_OBJC_ISA_USAGE = YES_ERROR;
				CLANG_WARN_DOCUMENTATION_COMMENTS = YES;
				CLANG_WARN_EMPTY_BODY = YES;
				CLANG_WARN_ENUM_CONVERSION = YES;
				CLANG_WARN_INFINITE_RECURSION = YES;
				CLANG_WARN_INT_CONVERSION = YES;
				CLANG_WARN_NON_LITERAL_NULL_CONVERSION = YES;
				CLANG_WARN_OBJC_IMPLICIT_RETAIN_SELF = YES;
				CLANG_WARN_OBJC_LITERAL_CONVERSION = YES;
				CLANG_WARN_OBJC_ROOT_CLASS = YES_ERROR;
				CLANG_WARN_QUOTED_INCLUDE_IN_FRAMEWORK_HEADER = YES;
				CLANG_WARN_RANGE_LOOP_ANALYSIS = YES;
				CLANG_WARN_STRICT_PROTOTYPES = YES;
				CLANG_WARN_SUSPICIOUS_MOVE = YES;
				CLANG_WARN_UNGUARDED_AVAILABILITY = YES_AGGRESSIVE;
				CLANG_WARN_UNREACHABLE_CODE = YES;
				CLANG_WARN__DUPLICATE_METHOD_MATCH = YES;
				COPY_PHASE_STRIP = NO;
				DEBUG_INFORMATION_FORMAT = dwarf;
				ENABLE_STRICT_OBJC_MSGSEND = YES;
				ENABLE_TESTABILITY = YES;
				GCC_C_LANGUAGE_STANDARD = gnu11;
				GCC_DYNAMIC_NO_PIC = NO;
				GCC_NO_COMMON_BLOCKS = YES;
				GCC_OPTIMIZATION_LEVEL = 0;
				GCC_PREPROCESSOR_DEFINITIONS = (
					"DEBUG=1",
					"$(inherited)",
				);
				GCC_WARN_64_TO_32_BIT_CONVERSION = YES;
				GCC_WARN_ABOUT_RETURN_TYPE = YES_ERROR;
				GCC_WARN_UNDECLARED_SELECTOR = YES;
				GCC_WARN_UNINITIALIZED_AUTOS = YES_AGGRESSIVE;
				GCC_WARN_UNUSED_FUNCTION = YES;
				GCC_WARN_UNUSED_VARIABLE = YES;
				IPHONEOS_DEPLOYMENT_TARGET = 15.0;
				MTL_ENABLE_DEBUG_INFO = INCLUDE_SOURCE;
				MTL_FAST_MATH = YES;
				ONLY_ACTIVE_ARCH = YES;
				SDKROOT = iphoneos;
				SWIFT_ACTIVE_COMPILATION_CONDITIONS = DEBUG;
				SWIFT_OPTIMIZATION_LEVEL = "-Onone";
			};
			name = Debug;
		};
		323A73F127240F4C00509FA5 /* Release */ = {
			isa = XCBuildConfiguration;
			buildSettings = {
				ALWAYS_SEARCH_USER_PATHS = NO;
				CLANG_ANALYZER_NONNULL = YES;
				CLANG_ANALYZER_NUMBER_OBJECT_CONVERSION = YES_AGGRESSIVE;
				CLANG_CXX_LANGUAGE_STANDARD = "gnu++17";
				CLANG_CXX_LIBRARY = "libc++";
				CLANG_ENABLE_MODULES = YES;
				CLANG_ENABLE_OBJC_ARC = YES;
				CLANG_ENABLE_OBJC_WEAK = YES;
				CLANG_WARN_BLOCK_CAPTURE_AUTORELEASING = YES;
				CLANG_WARN_BOOL_CONVERSION = YES;
				CLANG_WARN_COMMA = YES;
				CLANG_WARN_CONSTANT_CONVERSION = YES;
				CLANG_WARN_DEPRECATED_OBJC_IMPLEMENTATIONS = YES;
				CLANG_WARN_DIRECT_OBJC_ISA_USAGE = YES_ERROR;
				CLANG_WARN_DOCUMENTATION_COMMENTS = YES;
				CLANG_WARN_EMPTY_BODY = YES;
				CLANG_WARN_ENUM_CONVERSION = YES;
				CLANG_WARN_INFINITE_RECURSION = YES;
				CLANG_WARN_INT_CONVERSION = YES;
				CLANG_WARN_NON_LITERAL_NULL_CONVERSION = YES;
				CLANG_WARN_OBJC_IMPLICIT_RETAIN_SELF = YES;
				CLANG_WARN_OBJC_LITERAL_CONVERSION = YES;
				CLANG_WARN_OBJC_ROOT_CLASS = YES_ERROR;
				CLANG_WARN_QUOTED_INCLUDE_IN_FRAMEWORK_HEADER = YES;
				CLANG_WARN_RANGE_LOOP_ANALYSIS = YES;
				CLANG_WARN_STRICT_PROTOTYPES = YES;
				CLANG_WARN_SUSPICIOUS_MOVE = YES;
				CLANG_WARN_UNGUARDED_AVAILABILITY = YES_AGGRESSIVE;
				CLANG_WARN_UNREACHABLE_CODE = YES;
				CLANG_WARN__DUPLICATE_METHOD_MATCH = YES;
				COPY_PHASE_STRIP = NO;
				DEBUG_INFORMATION_FORMAT = "dwarf-with-dsym";
				ENABLE_NS_ASSERTIONS = NO;
				ENABLE_STRICT_OBJC_MSGSEND = YES;
				GCC_C_LANGUAGE_STANDARD = gnu11;
				GCC_NO_COMMON_BLOCKS = YES;
				GCC_WARN_64_TO_32_BIT_CONVERSION = YES;
				GCC_WARN_ABOUT_RETURN_TYPE = YES_ERROR;
				GCC_WARN_UNDECLARED_SELECTOR = YES;
				GCC_WARN_UNINITIALIZED_AUTOS = YES_AGGRESSIVE;
				GCC_WARN_UNUSED_FUNCTION = YES;
				GCC_WARN_UNUSED_VARIABLE = YES;
				IPHONEOS_DEPLOYMENT_TARGET = 15.0;
				MTL_ENABLE_DEBUG_INFO = NO;
				MTL_FAST_MATH = YES;
				SDKROOT = iphoneos;
				SWIFT_COMPILATION_MODE = wholemodule;
				SWIFT_OPTIMIZATION_LEVEL = "-O";
				VALIDATE_PRODUCT = YES;
			};
			name = Release;
		};
		323A73F327240F4C00509FA5 /* Debug */ = {
			isa = XCBuildConfiguration;
			buildSettings = {
				ASSETCATALOG_COMPILER_APPICON_NAME = AppIcon;
				ASSETCATALOG_COMPILER_GLOBAL_ACCENT_COLOR_NAME = AccentColor;
				CODE_SIGN_STYLE = Automatic;
				CURRENT_PROJECT_VERSION = 1;
				DEVELOPMENT_TEAM = UB622F733M;
				GENERATE_INFOPLIST_FILE = YES;
				INFOPLIST_FILE = VisionSudoku/Info.plist;
				INFOPLIST_KEY_LSSupportsOpeningDocumentsInPlace = YES;
				INFOPLIST_KEY_NSCameraUsageDescription = "Capture des grilles de Sudoku";
				INFOPLIST_KEY_NSPhotoLibraryAddUsageDescription = "Sauvegarde des images capturées par l'appli";
				INFOPLIST_KEY_UIApplicationSupportsIndirectInputEvents = YES;
				INFOPLIST_KEY_UILaunchStoryboardName = LaunchScreen;
				INFOPLIST_KEY_UIMainStoryboardFile = Main;
				INFOPLIST_KEY_UIRequiresFullScreen = NO;
				INFOPLIST_KEY_UISupportedInterfaceOrientations_iPad = "UIInterfaceOrientationPortrait UIInterfaceOrientationPortraitUpsideDown UIInterfaceOrientationLandscapeLeft UIInterfaceOrientationLandscapeRight";
				INFOPLIST_KEY_UISupportedInterfaceOrientations_iPhone = "UIInterfaceOrientationPortrait UIInterfaceOrientationLandscapeLeft UIInterfaceOrientationLandscapeRight";
				LD_RUNPATH_SEARCH_PATHS = (
					"$(inherited)",
					"@executable_path/Frameworks",
				);
				MARKETING_VERSION = 1.0;
				PRODUCT_BUNDLE_IDENTIFIER = org.neoware.VisionSudoku;
				PRODUCT_NAME = "$(TARGET_NAME)";
				SWIFT_EMIT_LOC_STRINGS = YES;
				SWIFT_VERSION = 5.0;
				TARGETED_DEVICE_FAMILY = "1,2";
			};
			name = Debug;
		};
		323A73F427240F4C00509FA5 /* Release */ = {
			isa = XCBuildConfiguration;
			buildSettings = {
				ASSETCATALOG_COMPILER_APPICON_NAME = AppIcon;
				ASSETCATALOG_COMPILER_GLOBAL_ACCENT_COLOR_NAME = AccentColor;
				CODE_SIGN_STYLE = Automatic;
				CURRENT_PROJECT_VERSION = 1;
				DEVELOPMENT_TEAM = UB622F733M;
				GENERATE_INFOPLIST_FILE = YES;
				INFOPLIST_FILE = VisionSudoku/Info.plist;
				INFOPLIST_KEY_LSSupportsOpeningDocumentsInPlace = YES;
				INFOPLIST_KEY_NSCameraUsageDescription = "Capture des grilles de Sudoku";
				INFOPLIST_KEY_NSPhotoLibraryAddUsageDescription = "Sauvegarde des images capturées par l'appli";
				INFOPLIST_KEY_UIApplicationSupportsIndirectInputEvents = YES;
				INFOPLIST_KEY_UILaunchStoryboardName = LaunchScreen;
				INFOPLIST_KEY_UIMainStoryboardFile = Main;
				INFOPLIST_KEY_UIRequiresFullScreen = NO;
				INFOPLIST_KEY_UISupportedInterfaceOrientations_iPad = "UIInterfaceOrientationPortrait UIInterfaceOrientationPortraitUpsideDown UIInterfaceOrientationLandscapeLeft UIInterfaceOrientationLandscapeRight";
				INFOPLIST_KEY_UISupportedInterfaceOrientations_iPhone = "UIInterfaceOrientationPortrait UIInterfaceOrientationLandscapeLeft UIInterfaceOrientationLandscapeRight";
				LD_RUNPATH_SEARCH_PATHS = (
					"$(inherited)",
					"@executable_path/Frameworks",
				);
				MARKETING_VERSION = 1.0;
				PRODUCT_BUNDLE_IDENTIFIER = org.neoware.VisionSudoku;
				PRODUCT_NAME = "$(TARGET_NAME)";
				SWIFT_EMIT_LOC_STRINGS = YES;
				SWIFT_VERSION = 5.0;
				TARGETED_DEVICE_FAMILY = "1,2";
			};
			name = Release;
		};
/* End XCBuildConfiguration section */

/* Begin XCConfigurationList section */
		323A73D927240F4A00509FA5 /* Build configuration list for PBXProject "VisionSudoku" */ = {
			isa = XCConfigurationList;
			buildConfigurations = (
				323A73F027240F4C00509FA5 /* Debug */,
				323A73F127240F4C00509FA5 /* Release */,
			);
			defaultConfigurationIsVisible = 0;
			defaultConfigurationName = Release;
		};
		323A73F227240F4C00509FA5 /* Build configuration list for PBXNativeTarget "VisionSudoku" */ = {
			isa = XCConfigurationList;
			buildConfigurations = (
				323A73F327240F4C00509FA5 /* Debug */,
				323A73F427240F4C00509FA5 /* Release */,
			);
			defaultConfigurationIsVisible = 0;
			defaultConfigurationName = Release;
		};
/* End XCConfigurationList section */
	};
	rootObject = 323A73D627240F4A00509FA5 /* Project object */;
}
